
Microsoft Visual Studio Solution File, Format Version 12.00
# Visual Studio Version 17
VisualStudioVersion = 17.11.35219.272
MinimumVisualStudioVersion = 10.0.40219.1
Project("{FAE04EC0-301F-11D3-BF4B-00C04F79EFBC}") = "Hello-world", "Hello-world\Hello-world.csproj", "{5AA482E9-CC2D-4CCA-81BC-4F74D4F0365D}"
EndProject
Global
	GlobalSection(SolutionConfigurationPlatforms) = preSolution
		Debug|Any CPU = Debug|Any CPU
		Release|Any CPU = Release|Any CPU
	EndGlobalSection
	GlobalSection(ProjectConfigurationPlatforms) = postSolution
		{5AA482E9-CC2D-4CCA-81BC-4F74D4F0365D}.Debug|Any CPU.ActiveCfg = Debug|Any CPU
		{5AA482E9-CC2D-4CCA-81BC-4F74D4F0365D}.Debug|Any CPU.Build.0 = Debug|Any CPU
		{5AA482E9-CC2D-4CCA-81BC-4F74D4F0365D}.Release|Any CPU.ActiveCfg = Release|Any CPU
		{5AA482E9-CC2D-4CCA-81BC-4F74D4F0365D}.Release|Any CPU.Build.0 = Release|Any CPU
	EndGlobalSection
	GlobalSection(SolutionProperties) = preSolution
		HideSolutionNode = FALSE
	EndGlobalSection
	GlobalSection(ExtensibilityGlobals) = postSolution
		SolutionGuid = {751E274C-D1A9-4D3B-90CC-2DFA0A80E632}
	EndGlobalSection
EndGlobal
